
Microsoft Visual Studio Solution File, Format Version 12.00
# Visual Studio Version 17
VisualStudioVersion = 17.10.35013.160
MinimumVisualStudioVersion = 10.0.40219.1
Project("{FAE04EC0-301F-11D3-BF4B-00C04F79EFBC}") = "OurFirstRevitPlugin", "OurFirstRevitPlugin\OurFirstRevitPlugin.csproj", "{276A93E5-D6EE-4822-9C24-16053E32B583}"
EndProject
Global
	GlobalSection(SolutionConfigurationPlatforms) = preSolution
		Debug|Any CPU = Debug|Any CPU
		Release|Any CPU = Release|Any CPU
	EndGlobalSection
	GlobalSection(ProjectConfigurationPlatforms) = postSolution
		{276A93E5-D6EE-4822-9C24-16053E32B583}.Debug|Any CPU.ActiveCfg = Debug|Any CPU
		{276A93E5-D6EE-4822-9C24-16053E32B583}.Debug|Any CPU.Build.0 = Debug|Any CPU
		{276A93E5-D6EE-4822-9C24-16053E32B583}.Release|Any CPU.ActiveCfg = Release|Any CPU
		{276A93E5-D6EE-4822-9C24-16053E32B583}.Release|Any CPU.Build.0 = Release|Any CPU
	EndGlobalSection
	GlobalSection(SolutionProperties) = preSolution
		HideSolutionNode = FALSE
	EndGlobalSection
	GlobalSection(ExtensibilityGlobals) = postSolution
		SolutionGuid = {7D0A435F-63FE-4E53-A12F-F11FAFA7A9C3}
	EndGlobalSection
EndGlobal
